
Microsoft Visual Studio Solution File, Format Version 12.00
# Visual Studio Version 16
VisualStudioVersion = 16.0.32428.217
MinimumVisualStudioVersion = 10.0.40219.1
Project("{9A19103F-16F7-4668-BE54-9A1E7A4F7556}") = "RubiksCubeHasher", "RubiksCubeHasher\RubiksCubeHasher.csproj", "{A3B3A310-42A1-403A-97D3-90E6A507BB44}"
EndProject
Project("{9A19103F-16F7-4668-BE54-9A1E7A4F7556}") = "test", "test\test.csproj", "{50453A7F-ABF3-4D40-B5F7-497E8028EF4A}"
EndProject
Project("{FAE04EC0-301F-11D3-BF4B-00C04F79EFBC}") = "RubicsCubeUnitTests", "RubicsCubeUnitTests\RubicsCubeUnitTests.csproj", "{C2E93534-C67F-4BD8-98C2-67249A998B96}"
EndProject
Global
	GlobalSection(SolutionConfigurationPlatforms) = preSolution
		Debug|Any CPU = Debug|Any CPU
		Release|Any CPU = Release|Any CPU
	EndGlobalSection
	GlobalSection(ProjectConfigurationPlatforms) = postSolution
		{A3B3A310-42A1-403A-97D3-90E6A507BB44}.Debug|Any CPU.ActiveCfg = Debug|Any CPU
		{A3B3A310-42A1-403A-97D3-90E6A507BB44}.Debug|Any CPU.Build.0 = Debug|Any CPU
		{A3B3A310-42A1-403A-97D3-90E6A507BB44}.Release|Any CPU.ActiveCfg = Release|Any CPU
		{A3B3A310-42A1-403A-97D3-90E6A507BB44}.Release|Any CPU.Build.0 = Release|Any CPU
		{50453A7F-ABF3-4D40-B5F7-497E8028EF4A}.Debug|Any CPU.ActiveCfg = Debug|Any CPU
		{50453A7F-ABF3-4D40-B5F7-497E8028EF4A}.Debug|Any CPU.Build.0 = Debug|Any CPU
		{50453A7F-ABF3-4D40-B5F7-497E8028EF4A}.Release|Any CPU.ActiveCfg = Release|Any CPU
		{50453A7F-ABF3-4D40-B5F7-497E8028EF4A}.Release|Any CPU.Build.0 = Release|Any CPU
		{C2E93534-C67F-4BD8-98C2-67249A998B96}.Debug|Any CPU.ActiveCfg = Debug|Any CPU
		{C2E93534-C67F-4BD8-98C2-67249A998B96}.Debug|Any CPU.Build.0 = Debug|Any CPU
		{C2E93534-C67F-4BD8-98C2-67249A998B96}.Release|Any CPU.ActiveCfg = Release|Any CPU
		{C2E93534-C67F-4BD8-98C2-67249A998B96}.Release|Any CPU.Build.0 = Release|Any CPU
	EndGlobalSection
	GlobalSection(SolutionProperties) = preSolution
		HideSolutionNode = FALSE
	EndGlobalSection
	GlobalSection(ExtensibilityGlobals) = postSolution
		SolutionGuid = {48F04BC3-1474-457E-A370-C9D4AEAA4198}
	EndGlobalSection
EndGlobal
